
Microsoft Visual Studio Solution File, Format Version 12.00
# Visual Studio Version 16
VisualStudioVersion = 16.0.31129.286
MinimumVisualStudioVersion = 10.0.40219.1
Project("{FAE04EC0-301F-11D3-BF4B-00C04F79EFBC}") = "EU", "EU\EU.csproj", "{1554257A-9EE8-4490-8652-CE74D9B434FF}"
EndProject
Global
	GlobalSection(SolutionConfigurationPlatforms) = preSolution
		Debug|Any CPU = Debug|Any CPU
		Release|Any CPU = Release|Any CPU
	EndGlobalSection
	GlobalSection(ProjectConfigurationPlatforms) = postSolution
		{1554257A-9EE8-4490-8652-CE74D9B434FF}.Debug|Any CPU.ActiveCfg = Debug|Any CPU
		{1554257A-9EE8-4490-8652-CE74D9B434FF}.Debug|Any CPU.Build.0 = Debug|Any CPU
		{1554257A-9EE8-4490-8652-CE74D9B434FF}.Release|Any CPU.ActiveCfg = Release|Any CPU
		{1554257A-9EE8-4490-8652-CE74D9B434FF}.Release|Any CPU.Build.0 = Release|Any CPU
	EndGlobalSection
	GlobalSection(SolutionProperties) = preSolution
		HideSolutionNode = FALSE
	EndGlobalSection
	GlobalSection(ExtensibilityGlobals) = postSolution
		SolutionGuid = {09A6BBFB-380F-4657-A970-7407ED6CEF1A}
	EndGlobalSection
EndGlobal
